
Microsoft Visual Studio Solution File, Format Version 12.00
# Visual Studio Version 16
VisualStudioVersion = 16.0.29709.97
MinimumVisualStudioVersion = 10.0.40219.1
Project("{8BC9CEB8-8B4A-11D0-8D11-00A0C91BC942}") = "ch01_matvec", "ch01_matvec\ch01_matvec.vcxproj", "{F33F93C1-0A6A-4BA5-873C-E6DFF654E4DF}"
EndProject
Project("{8BC9CEB8-8B4A-11D0-8D11-00A0C91BC942}") = "ch02a_platform", "ch02_platform\ch02_platform.vcxproj", "{6339F00E-623C-44D2-8B34-DFDDA6D14500}"
EndProject
Project("{8BC9CEB8-8B4A-11D0-8D11-00A0C91BC942}") = "ch02b_device", "ch02_device\ch02_device.vcxproj", "{6003FBE0-A32E-4F25-864D-3291F66B62D0}"
EndProject
Project("{8BC9CEB8-8B4A-11D0-8D11-00A0C91BC942}") = "ch02c_context", "ch02c_context\ch02c_context.vcxproj", "{79BF29FB-EA5A-48E9-A193-988FD25FF5F1}"
EndProject
Project("{8BC9CEB8-8B4A-11D0-8D11-00A0C91BC942}") = "ch02d_program", "ch02d_program\ch02d_program.vcxproj", "{D8173E76-9C0A-41EC-95ED-06C672376160}"
EndProject
Project("{8BC9CEB8-8B4A-11D0-8D11-00A0C91BC942}") = "ch02e_kernel", "ch02e_kernel\ch02e_kernel.vcxproj", "{CF16511B-04AB-4C7D-B11F-7119201A870C}"
EndProject
Project("{8BC9CEB8-8B4A-11D0-8D11-00A0C91BC942}") = "ch02f_queue", "ch02f_queue\ch02f_queue.vcxproj", "{7FDBB0EB-8ECF-41CA-A916-392F35739913}"
EndProject
Project("{8BC9CEB8-8B4A-11D0-8D11-00A0C91BC942}") = "ch03a_buffer_check", "ch03a_buffer_check\ch03a_buffer_check.vcxproj", "{68920E58-049E-4B8E-98BB-1FD9ECE7B2A0}"
EndProject
Project("{8BC9CEB8-8B4A-11D0-8D11-00A0C91BC942}") = "ch03b_buffer_test", "ch03b_buffer_test\ch03b_buffer_test.vcxproj", "{06EA50C2-295C-44CE-AECC-0B0B7D265F9A}"
EndProject
Project("{8BC9CEB8-8B4A-11D0-8D11-00A0C91BC942}") = "ch03c_map_copy", "ch03c_map_copy\ch03c_map_copy.vcxproj", "{1CB731E9-9184-4E41-8252-94AAE613D906}"
EndProject
Project("{8BC9CEB8-8B4A-11D0-8D11-00A0C91BC942}") = "ch04a_hello_kernel", "ch04a_hello_kernel\ch04a_hello_kernel.vcxproj", "{9D0C6C27-62C0-4DF7-9C0D-0F2BDA12BA6F}"
EndProject
Project("{8BC9CEB8-8B4A-11D0-8D11-00A0C91BC942}") = "ch04b_double_test", "ch04b_double_test\ch04b_double_test.vcxproj", "{B0C96CA7-2A38-49D8-9932-249CB645C317}"
EndProject
Project("{8BC9CEB8-8B4A-11D0-8D11-00A0C91BC942}") = "ch04c_float_config", "ch04c_float_config\ch04c_float_config.vcxproj", "{6EE14693-C35F-45B7-8562-4E4DC0B61A01}"
EndProject
Project("{8BC9CEB8-8B4A-11D0-8D11-00A0C91BC942}") = "ch04d_vector_widths", "ch04d_vector_widths\ch04d_vector_widths.vcxproj", "{61234EF6-580D-4B7C-A2D0-33D14795B18A}"
EndProject
Project("{8BC9CEB8-8B4A-11D0-8D11-00A0C91BC942}") = "ch04e_vector_bytes", "ch04e_vector_bytes\ch04e_vector_bytes.vcxproj", "{B0C5133C-5781-449B-BD6A-8F71126CBFF8}"
EndProject
Project("{8BC9CEB8-8B4A-11D0-8D11-00A0C91BC942}") = "ch05a_op_test", "ch05a_op_test\ch05a_op_test.vcxproj", "{4DCA1259-2EE9-4B99-B67B-47ED11D0DAF5}"
EndProject
Project("{8BC9CEB8-8B4A-11D0-8D11-00A0C91BC942}") = "ch05b_id_check", "ch05b_id_check\ch05b_id_check.vcxproj", "{67D006BF-DD40-4627-88AB-3491AFEAB292}"
EndProject
Project("{8BC9CEB8-8B4A-11D0-8D11-00A0C91BC942}") = "ch05c_mod_round", "ch05c_mod_round\ch05c_mod_round.vcxproj", "{0D061F10-4E0A-477A-B1EB-25372C824F16}"
EndProject
Project("{8BC9CEB8-8B4A-11D0-8D11-00A0C91BC942}") = "ch05d_mad_test", "ch05d_mad_test\ch05d_mad_test.vcxproj", "{F6A1A179-8C6F-4B16-91EA-C0A669CFDA7F}"
EndProject
Project("{8BC9CEB8-8B4A-11D0-8D11-00A0C91BC942}") = "ch05e_select_test", "ch05e_select_test\ch05e_select_test.vcxproj", "{FFC5E108-8956-4A8D-AC89-8710569AC85C}"
EndProject
Project("{8BC9CEB8-8B4A-11D0-8D11-00A0C91BC942}") = "ch05f_shuffle_test", "ch05f_shuffle_test\ch05f_shuffle_test.vcxproj", "{D002CE87-C74D-414B-ABFC-B0D27F38BADE}"
EndProject
Project("{8BC9CEB8-8B4A-11D0-8D11-00A0C91BC942}") = "ch05g_polar_rect", "ch05g_polar_rect\ch05g_polar_rect.vcxproj", "{BED476FA-981F-47B7-936E-CB330BC1558F}"
EndProject
Project("{8BC9CEB8-8B4A-11D0-8D11-00A0C91BC942}") = "ch06a_simple_image", "ch06a_simple_image\ch06a_simple_image.vcxproj", "{B49A16FD-F857-4CD8-8B6B-DA274301F9F5}"
EndProject
Project("{8BC9CEB8-8B4A-11D0-8D11-00A0C91BC942}") = "ch06b_interp_image", "ch06b_interp_image\ch06b_interp_image.vcxproj", "{55BCFFE4-8630-4813-9653-E6DD9607CA53}"
EndProject
Project("{8BC9CEB8-8B4A-11D0-8D11-00A0C91BC942}") = "ch07a_event_callback", "ch07a_event_callback\ch07a_event_callback.vcxproj", "{7DE9AE28-6C8E-4EC8-AF0C-20B6A47712E8}"
EndProject
Project("{8BC9CEB8-8B4A-11D0-8D11-00A0C91BC942}") = "ch07b_user_event", "ch07b_user_event\ch07b_user_event.vcxproj", "{A4BC3F56-E874-42BC-8BCB-EBD82C12404A}"
EndProject
Project("{8BC9CEB8-8B4A-11D0-8D11-00A0C91BC942}") = "ch07c_profile_read", "ch07c_profile_read\ch07c_profile_read.vcxproj", "{F0FC356B-9EA3-45EF-850E-C0552FC87844}"
EndProject
Project("{8BC9CEB8-8B4A-11D0-8D11-00A0C91BC942}") = "ch07d_profile_items", "ch07d_profile_items\ch07d_profile_items.vcxproj", "{E62ED314-694B-4BC8-B97F-90CBCB804073}"
EndProject
Project("{8BC9CEB8-8B4A-11D0-8D11-00A0C91BC942}") = "ch07e_atomic", "ch07e_atomic\ch07e_atomic.vcxproj", "{318670AC-230A-4BC6-9EF5-1FCE69582E36}"
EndProject
Project("{8BC9CEB8-8B4A-11D0-8D11-00A0C91BC942}") = "ch10a_wg_test", "ch10a_wg_test\ch10a_wg_test.vcxproj", "{686E1163-4FF2-40A3-B3F1-4CEB9C1F7B7B}"
EndProject
Project("{8BC9CEB8-8B4A-11D0-8D11-00A0C91BC942}") = "ch10b_reduction", "ch10b_reduction\ch10b_reduction.vcxproj", "{07D6A30D-9CF5-45AA-8A3C-15C6B381DF58}"
EndProject
Project("{8BC9CEB8-8B4A-11D0-8D11-00A0C91BC942}") = "ch10c_reduction_complete", "ch10c_reduction_complete\ch10c_reduction_complete.vcxproj", "{769102A6-C913-473A-9134-1ED5D76CCF8C}"
EndProject
Project("{8BC9CEB8-8B4A-11D0-8D11-00A0C91BC942}") = "ch11a_string_search", "ch11a_string_search\ch11a_string_search.vcxproj", "{D2735007-A3BD-41C8-ADBA-B5E57F5CFABF}"
EndProject
Project("{2150E333-8FDC-42A3-9474-1A3956D46DE8}") = "ch01_intro", "ch01_intro", "{807A9DCC-18EA-4F0B-80E6-0671CCDF0545}"
EndProject
Project("{2150E333-8FDC-42A3-9474-1A3956D46DE8}") = "ch02_host_basic", "ch02_host_basic", "{20E53F3A-5BD5-4A35-B73C-B2EF20B4C9E1}"
EndProject
Project("{2150E333-8FDC-42A3-9474-1A3956D46DE8}") = "ch03_host_data_transfer", "ch03_host_data_transfer", "{DE9E810D-A9EA-4290-8026-32D3445C221B}"
EndProject
Project("{2150E333-8FDC-42A3-9474-1A3956D46DE8}") = "ch04_kernel_basic", "ch04_kernel_basic", "{EE78A81F-1C5F-447F-BCE6-3B934AF479A4}"
EndProject
Project("{2150E333-8FDC-42A3-9474-1A3956D46DE8}") = "ch05_kernel_operator", "ch05_kernel_operator", "{696B2B22-96E5-4951-B22D-288884EC0157}"
EndProject
Project("{2150E333-8FDC-42A3-9474-1A3956D46DE8}") = "ch06_image", "ch06_image", "{F98CE35E-E526-4806-9901-F075BCEAEBFF}"
EndProject
Project("{2150E333-8FDC-42A3-9474-1A3956D46DE8}") = "ch07_event_profile_sync", "ch07_event_profile_sync", "{DEE5AEC4-A876-44EF-8961-83D391512DB8}"
EndProject
Project("{2150E333-8FDC-42A3-9474-1A3956D46DE8}") = "ch10_general_coding", "ch10_general_coding", "{1762F185-6963-4B2C-B8A4-84EB1D7B4E89}"
EndProject
Project("{2150E333-8FDC-42A3-9474-1A3956D46DE8}") = "ch11_reduction_sorting", "ch11_reduction_sorting", "{5E414A49-65F3-4CE3-B52F-24BD7CA20714}"
EndProject
Project("{8BC9CEB8-8B4A-11D0-8D11-00A0C91BC942}") = "ch11b_bsort8", "ch11b_bsort8\ch11b_bsort8.vcxproj", "{50285662-BF0A-4936-B10A-0AA615FCE71E}"
EndProject
Project("{8BC9CEB8-8B4A-11D0-8D11-00A0C91BC942}") = "ch11c_bsort_full", "ch11c_bsort_full\ch11c_bsort_full.vcxproj", "{CECBCFF0-29CE-4D8B-9046-ED5FEBED1255}"
EndProject
Project("{8BC9CEB8-8B4A-11D0-8D11-00A0C91BC942}") = "ch11d_radix_sort8", "ch11d_radix_sort8\ch11d_radix_sort8.vcxproj", "{001A724C-2700-40CF-BA6C-C97AB8407134}"
EndProject
Project("{2150E333-8FDC-42A3-9474-1A3956D46DE8}") = "ch12_matrix", "ch12_matrix", "{2251E9F7-E320-468D-898A-DE8A026DC1B0}"
EndProject
Project("{8BC9CEB8-8B4A-11D0-8D11-00A0C91BC942}") = "ch12a_matrix_transpose", "ch12a_matrix_transpose\ch12a_matrix_transpose.vcxproj", "{8C27480C-E671-46AE-899A-256BDDAFFD29}"
EndProject
Project("{8BC9CEB8-8B4A-11D0-8D11-00A0C91BC942}") = "ch12b_matrix_mult", "ch12b_matrix_mult\ch12b_matrix_mult.vcxproj", "{04D392CE-4282-4462-951A-80B0B4B4A1ED}"
EndProject
Project("{8BC9CEB8-8B4A-11D0-8D11-00A0C91BC942}") = "ch12c_vec_reflect", "ch12c_vec_reflect\ch12c_vec_reflect.vcxproj", "{6990AABC-5A4E-4677-87F1-47DC8DE28F47}"
EndProject
Global
	GlobalSection(SolutionConfigurationPlatforms) = preSolution
		Debug|x64 = Debug|x64
		Debug|x86 = Debug|x86
		Release|x64 = Release|x64
		Release|x86 = Release|x86
	EndGlobalSection
	GlobalSection(ProjectConfigurationPlatforms) = postSolution
		{F33F93C1-0A6A-4BA5-873C-E6DFF654E4DF}.Debug|x64.ActiveCfg = Debug|x64
		{F33F93C1-0A6A-4BA5-873C-E6DFF654E4DF}.Debug|x64.Build.0 = Debug|x64
		{F33F93C1-0A6A-4BA5-873C-E6DFF654E4DF}.Debug|x86.ActiveCfg = Debug|Win32
		{F33F93C1-0A6A-4BA5-873C-E6DFF654E4DF}.Debug|x86.Build.0 = Debug|Win32
		{F33F93C1-0A6A-4BA5-873C-E6DFF654E4DF}.Release|x64.ActiveCfg = Release|x64
		{F33F93C1-0A6A-4BA5-873C-E6DFF654E4DF}.Release|x64.Build.0 = Release|x64
		{F33F93C1-0A6A-4BA5-873C-E6DFF654E4DF}.Release|x86.ActiveCfg = Release|Win32
		{F33F93C1-0A6A-4BA5-873C-E6DFF654E4DF}.Release|x86.Build.0 = Release|Win32
		{6339F00E-623C-44D2-8B34-DFDDA6D14500}.Debug|x64.ActiveCfg = Debug|x64
		{6339F00E-623C-44D2-8B34-DFDDA6D14500}.Debug|x64.Build.0 = Debug|x64
		{6339F00E-623C-44D2-8B34-DFDDA6D14500}.Debug|x86.ActiveCfg = Debug|Win32
		{6339F00E-623C-44D2-8B34-DFDDA6D14500}.Debug|x86.Build.0 = Debug|Win32
		{6339F00E-623C-44D2-8B34-DFDDA6D14500}.Release|x64.ActiveCfg = Release|x64
		{6339F00E-623C-44D2-8B34-DFDDA6D14500}.Release|x64.Build.0 = Release|x64
		{6339F00E-623C-44D2-8B34-DFDDA6D14500}.Release|x86.ActiveCfg = Release|Win32
		{6339F00E-623C-44D2-8B34-DFDDA6D14500}.Release|x86.Build.0 = Release|Win32
		{6003FBE0-A32E-4F25-864D-3291F66B62D0}.Debug|x64.ActiveCfg = Debug|x64
		{6003FBE0-A32E-4F25-864D-3291F66B62D0}.Debug|x64.Build.0 = Debug|x64
		{6003FBE0-A32E-4F25-864D-3291F66B62D0}.Debug|x86.ActiveCfg = Debug|Win32
		{6003FBE0-A32E-4F25-864D-3291F66B62D0}.Debug|x86.Build.0 = Debug|Win32
		{6003FBE0-A32E-4F25-864D-3291F66B62D0}.Release|x64.ActiveCfg = Release|x64
		{6003FBE0-A32E-4F25-864D-3291F66B62D0}.Release|x64.Build.0 = Release|x64
		{6003FBE0-A32E-4F25-864D-3291F66B62D0}.Release|x86.ActiveCfg = Release|Win32
		{6003FBE0-A32E-4F25-864D-3291F66B62D0}.Release|x86.Build.0 = Release|Win32
		{79BF29FB-EA5A-48E9-A193-988FD25FF5F1}.Debug|x64.ActiveCfg = Debug|x64
		{79BF29FB-EA5A-48E9-A193-988FD25FF5F1}.Debug|x64.Build.0 = Debug|x64
		{79BF29FB-EA5A-48E9-A193-988FD25FF5F1}.Debug|x86.ActiveCfg = Debug|Win32
		{79BF29FB-EA5A-48E9-A193-988FD25FF5F1}.Debug|x86.Build.0 = Debug|Win32
		{79BF29FB-EA5A-48E9-A193-988FD25FF5F1}.Release|x64.ActiveCfg = Release|x64
		{79BF29FB-EA5A-48E9-A193-988FD25FF5F1}.Release|x64.Build.0 = Release|x64
		{79BF29FB-EA5A-48E9-A193-988FD25FF5F1}.Release|x86.ActiveCfg = Release|Win32
		{79BF29FB-EA5A-48E9-A193-988FD25FF5F1}.Release|x86.Build.0 = Release|Win32
		{D8173E76-9C0A-41EC-95ED-06C672376160}.Debug|x64.ActiveCfg = Debug|x64
		{D8173E76-9C0A-41EC-95ED-06C672376160}.Debug|x64.Build.0 = Debug|x64
		{D8173E76-9C0A-41EC-95ED-06C672376160}.Debug|x86.ActiveCfg = Debug|Win32
		{D8173E76-9C0A-41EC-95ED-06C672376160}.Debug|x86.Build.0 = Debug|Win32
		{D8173E76-9C0A-41EC-95ED-06C672376160}.Release|x64.ActiveCfg = Release|x64
		{D8173E76-9C0A-41EC-95ED-06C672376160}.Release|x64.Build.0 = Release|x64
		{D8173E76-9C0A-41EC-95ED-06C672376160}.Release|x86.ActiveCfg = Release|Win32
		{D8173E76-9C0A-41EC-95ED-06C672376160}.Release|x86.Build.0 = Release|Win32
		{CF16511B-04AB-4C7D-B11F-7119201A870C}.Debug|x64.ActiveCfg = Debug|x64
		{CF16511B-04AB-4C7D-B11F-7119201A870C}.Debug|x64.Build.0 = Debug|x64
		{CF16511B-04AB-4C7D-B11F-7119201A870C}.Debug|x86.ActiveCfg = Debug|Win32
		{CF16511B-04AB-4C7D-B11F-7119201A870C}.Debug|x86.Build.0 = Debug|Win32
		{CF16511B-04AB-4C7D-B11F-7119201A870C}.Release|x64.ActiveCfg = Release|x64
		{CF16511B-04AB-4C7D-B11F-7119201A870C}.Release|x64.Build.0 = Release|x64
		{CF16511B-04AB-4C7D-B11F-7119201A870C}.Release|x86.ActiveCfg = Release|Win32
		{CF16511B-04AB-4C7D-B11F-7119201A870C}.Release|x86.Build.0 = Release|Win32
		{7FDBB0EB-8ECF-41CA-A916-392F35739913}.Debug|x64.ActiveCfg = Debug|x64
		{7FDBB0EB-8ECF-41CA-A916-392F35739913}.Debug|x64.Build.0 = Debug|x64
		{7FDBB0EB-8ECF-41CA-A916-392F35739913}.Debug|x86.ActiveCfg = Debug|Win32
		{7FDBB0EB-8ECF-41CA-A916-392F35739913}.Debug|x86.Build.0 = Debug|Win32
		{7FDBB0EB-8ECF-41CA-A916-392F35739913}.Release|x64.ActiveCfg = Release|x64
		{7FDBB0EB-8ECF-41CA-A916-392F35739913}.Release|x64.Build.0 = Release|x64
		{7FDBB0EB-8ECF-41CA-A916-392F35739913}.Release|x86.ActiveCfg = Release|Win32
		{7FDBB0EB-8ECF-41CA-A916-392F35739913}.Release|x86.Build.0 = Release|Win32
		{68920E58-049E-4B8E-98BB-1FD9ECE7B2A0}.Debug|x64.ActiveCfg = Debug|x64
		{68920E58-049E-4B8E-98BB-1FD9ECE7B2A0}.Debug|x64.Build.0 = Debug|x64
		{68920E58-049E-4B8E-98BB-1FD9ECE7B2A0}.Debug|x86.ActiveCfg = Debug|Win32
		{68920E58-049E-4B8E-98BB-1FD9ECE7B2A0}.Debug|x86.Build.0 = Debug|Win32
		{68920E58-049E-4B8E-98BB-1FD9ECE7B2A0}.Release|x64.ActiveCfg = Release|x64
		{68920E58-049E-4B8E-98BB-1FD9ECE7B2A0}.Release|x64.Build.0 = Release|x64
		{68920E58-049E-4B8E-98BB-1FD9ECE7B2A0}.Release|x86.ActiveCfg = Release|Win32
		{68920E58-049E-4B8E-98BB-1FD9ECE7B2A0}.Release|x86.Build.0 = Release|Win32
		{06EA50C2-295C-44CE-AECC-0B0B7D265F9A}.Debug|x64.ActiveCfg = Debug|x64
		{06EA50C2-295C-44CE-AECC-0B0B7D265F9A}.Debug|x64.Build.0 = Debug|x64
		{06EA50C2-295C-44CE-AECC-0B0B7D265F9A}.Debug|x86.ActiveCfg = Debug|Win32
		{06EA50C2-295C-44CE-AECC-0B0B7D265F9A}.Debug|x86.Build.0 = Debug|Win32
		{06EA50C2-295C-44CE-AECC-0B0B7D265F9A}.Release|x64.ActiveCfg = Release|x64
		{06EA50C2-295C-44CE-AECC-0B0B7D265F9A}.Release|x64.Build.0 = Release|x64
		{06EA50C2-295C-44CE-AECC-0B0B7D265F9A}.Release|x86.ActiveCfg = Release|Win32
		{06EA50C2-295C-44CE-AECC-0B0B7D265F9A}.Release|x86.Build.0 = Release|Win32
		{1CB731E9-9184-4E41-8252-94AAE613D906}.Debug|x64.ActiveCfg = Debug|x64
		{1CB731E9-9184-4E41-8252-94AAE613D906}.Debug|x64.Build.0 = Debug|x64
		{1CB731E9-9184-4E41-8252-94AAE613D906}.Debug|x86.ActiveCfg = Debug|Win32
		{1CB731E9-9184-4E41-8252-94AAE613D906}.Debug|x86.Build.0 = Debug|Win32
		{1CB731E9-9184-4E41-8252-94AAE613D906}.Release|x64.ActiveCfg = Release|x64
		{1CB731E9-9184-4E41-8252-94AAE613D906}.Release|x64.Build.0 = Release|x64
		{1CB731E9-9184-4E41-8252-94AAE613D906}.Release|x86.ActiveCfg = Release|Win32
		{1CB731E9-9184-4E41-8252-94AAE613D906}.Release|x86.Build.0 = Release|Win32
		{9D0C6C27-62C0-4DF7-9C0D-0F2BDA12BA6F}.Debug|x64.ActiveCfg = Debug|x64
		{9D0C6C27-62C0-4DF7-9C0D-0F2BDA12BA6F}.Debug|x64.Build.0 = Debug|x64
		{9D0C6C27-62C0-4DF7-9C0D-0F2BDA12BA6F}.Debug|x86.ActiveCfg = Debug|Win32
		{9D0C6C27-62C0-4DF7-9C0D-0F2BDA12BA6F}.Debug|x86.Build.0 = Debug|Win32
		{9D0C6C27-62C0-4DF7-9C0D-0F2BDA12BA6F}.Release|x64.ActiveCfg = Release|x64
		{9D0C6C27-62C0-4DF7-9C0D-0F2BDA12BA6F}.Release|x64.Build.0 = Release|x64
		{9D0C6C27-62C0-4DF7-9C0D-0F2BDA12BA6F}.Release|x86.ActiveCfg = Release|Win32
		{9D0C6C27-62C0-4DF7-9C0D-0F2BDA12BA6F}.Release|x86.Build.0 = Release|Win32
		{B0C96CA7-2A38-49D8-9932-249CB645C317}.Debug|x64.ActiveCfg = Debug|x64
		{B0C96CA7-2A38-49D8-9932-249CB645C317}.Debug|x64.Build.0 = Debug|x64
		{B0C96CA7-2A38-49D8-9932-249CB645C317}.Debug|x86.ActiveCfg = Debug|Win32
		{B0C96CA7-2A38-49D8-9932-249CB645C317}.Debug|x86.Build.0 = Debug|Win32
		{B0C96CA7-2A38-49D8-9932-249CB645C317}.Release|x64.ActiveCfg = Release|x64
		{B0C96CA7-2A38-49D8-9932-249CB645C317}.Release|x64.Build.0 = Release|x64
		{B0C96CA7-2A38-49D8-9932-249CB645C317}.Release|x86.ActiveCfg = Release|Win32
		{B0C96CA7-2A38-49D8-9932-249CB645C317}.Release|x86.Build.0 = Release|Win32
		{6EE14693-C35F-45B7-8562-4E4DC0B61A01}.Debug|x64.ActiveCfg = Debug|x64
		{6EE14693-C35F-45B7-8562-4E4DC0B61A01}.Debug|x64.Build.0 = Debug|x64
		{6EE14693-C35F-45B7-8562-4E4DC0B61A01}.Debug|x86.ActiveCfg = Debug|Win32
		{6EE14693-C35F-45B7-8562-4E4DC0B61A01}.Debug|x86.Build.0 = Debug|Win32
		{6EE14693-C35F-45B7-8562-4E4DC0B61A01}.Release|x64.ActiveCfg = Release|x64
		{6EE14693-C35F-45B7-8562-4E4DC0B61A01}.Release|x64.Build.0 = Release|x64
		{6EE14693-C35F-45B7-8562-4E4DC0B61A01}.Release|x86.ActiveCfg = Release|Win32
		{6EE14693-C35F-45B7-8562-4E4DC0B61A01}.Release|x86.Build.0 = Release|Win32
		{61234EF6-580D-4B7C-A2D0-33D14795B18A}.Debug|x64.ActiveCfg = Debug|x64
		{61234EF6-580D-4B7C-A2D0-33D14795B18A}.Debug|x64.Build.0 = Debug|x64
		{61234EF6-580D-4B7C-A2D0-33D14795B18A}.Debug|x86.ActiveCfg = Debug|Win32
		{61234EF6-580D-4B7C-A2D0-33D14795B18A}.Debug|x86.Build.0 = Debug|Win32
		{61234EF6-580D-4B7C-A2D0-33D14795B18A}.Release|x64.ActiveCfg = Release|x64
		{61234EF6-580D-4B7C-A2D0-33D14795B18A}.Release|x64.Build.0 = Release|x64
		{61234EF6-580D-4B7C-A2D0-33D14795B18A}.Release|x86.ActiveCfg = Release|Win32
		{61234EF6-580D-4B7C-A2D0-33D14795B18A}.Release|x86.Build.0 = Release|Win32
		{B0C5133C-5781-449B-BD6A-8F71126CBFF8}.Debug|x64.ActiveCfg = Debug|x64
		{B0C5133C-5781-449B-BD6A-8F71126CBFF8}.Debug|x64.Build.0 = Debug|x64
		{B0C5133C-5781-449B-BD6A-8F71126CBFF8}.Debug|x86.ActiveCfg = Debug|Win32
		{B0C5133C-5781-449B-BD6A-8F71126CBFF8}.Debug|x86.Build.0 = Debug|Win32
		{B0C5133C-5781-449B-BD6A-8F71126CBFF8}.Release|x64.ActiveCfg = Release|x64
		{B0C5133C-5781-449B-BD6A-8F71126CBFF8}.Release|x64.Build.0 = Release|x64
		{B0C5133C-5781-449B-BD6A-8F71126CBFF8}.Release|x86.ActiveCfg = Release|Win32
		{B0C5133C-5781-449B-BD6A-8F71126CBFF8}.Release|x86.Build.0 = Release|Win32
		{4DCA1259-2EE9-4B99-B67B-47ED11D0DAF5}.Debug|x64.ActiveCfg = Debug|x64
		{4DCA1259-2EE9-4B99-B67B-47ED11D0DAF5}.Debug|x64.Build.0 = Debug|x64
		{4DCA1259-2EE9-4B99-B67B-47ED11D0DAF5}.Debug|x86.ActiveCfg = Debug|Win32
		{4DCA1259-2EE9-4B99-B67B-47ED11D0DAF5}.Debug|x86.Build.0 = Debug|Win32
		{4DCA1259-2EE9-4B99-B67B-47ED11D0DAF5}.Release|x64.ActiveCfg = Release|x64
		{4DCA1259-2EE9-4B99-B67B-47ED11D0DAF5}.Release|x64.Build.0 = Release|x64
		{4DCA1259-2EE9-4B99-B67B-47ED11D0DAF5}.Release|x86.ActiveCfg = Release|Win32
		{4DCA1259-2EE9-4B99-B67B-47ED11D0DAF5}.Release|x86.Build.0 = Release|Win32
		{67D006BF-DD40-4627-88AB-3491AFEAB292}.Debug|x64.ActiveCfg = Debug|x64
		{67D006BF-DD40-4627-88AB-3491AFEAB292}.Debug|x64.Build.0 = Debug|x64
		{67D006BF-DD40-4627-88AB-3491AFEAB292}.Debug|x86.ActiveCfg = Debug|Win32
		{67D006BF-DD40-4627-88AB-3491AFEAB292}.Debug|x86.Build.0 = Debug|Win32
		{67D006BF-DD40-4627-88AB-3491AFEAB292}.Release|x64.ActiveCfg = Release|x64
		{67D006BF-DD40-4627-88AB-3491AFEAB292}.Release|x64.Build.0 = Release|x64
		{67D006BF-DD40-4627-88AB-3491AFEAB292}.Release|x86.ActiveCfg = Release|Win32
		{67D006BF-DD40-4627-88AB-3491AFEAB292}.Release|x86.Build.0 = Release|Win32
		{0D061F10-4E0A-477A-B1EB-25372C824F16}.Debug|x64.ActiveCfg = Debug|x64
		{0D061F10-4E0A-477A-B1EB-25372C824F16}.Debug|x64.Build.0 = Debug|x64
		{0D061F10-4E0A-477A-B1EB-25372C824F16}.Debug|x86.ActiveCfg = Debug|Win32
		{0D061F10-4E0A-477A-B1EB-25372C824F16}.Debug|x86.Build.0 = Debug|Win32
		{0D061F10-4E0A-477A-B1EB-25372C824F16}.Release|x64.ActiveCfg = Release|x64
		{0D061F10-4E0A-477A-B1EB-25372C824F16}.Release|x64.Build.0 = Release|x64
		{0D061F10-4E0A-477A-B1EB-25372C824F16}.Release|x86.ActiveCfg = Release|Win32
		{0D061F10-4E0A-477A-B1EB-25372C824F16}.Release|x86.Build.0 = Release|Win32
		{F6A1A179-8C6F-4B16-91EA-C0A669CFDA7F}.Debug|x64.ActiveCfg = Debug|x64
		{F6A1A179-8C6F-4B16-91EA-C0A669CFDA7F}.Debug|x64.Build.0 = Debug|x64
		{F6A1A179-8C6F-4B16-91EA-C0A669CFDA7F}.Debug|x86.ActiveCfg = Debug|Win32
		{F6A1A179-8C6F-4B16-91EA-C0A669CFDA7F}.Debug|x86.Build.0 = Debug|Win32
		{F6A1A179-8C6F-4B16-91EA-C0A669CFDA7F}.Release|x64.ActiveCfg = Release|x64
		{F6A1A179-8C6F-4B16-91EA-C0A669CFDA7F}.Release|x64.Build.0 = Release|x64
		{F6A1A179-8C6F-4B16-91EA-C0A669CFDA7F}.Release|x86.ActiveCfg = Release|Win32
		{F6A1A179-8C6F-4B16-91EA-C0A669CFDA7F}.Release|x86.Build.0 = Release|Win32
		{FFC5E108-8956-4A8D-AC89-8710569AC85C}.Debug|x64.ActiveCfg = Debug|x64
		{FFC5E108-8956-4A8D-AC89-8710569AC85C}.Debug|x64.Build.0 = Debug|x64
		{FFC5E108-8956-4A8D-AC89-8710569AC85C}.Debug|x86.ActiveCfg = Debug|Win32
		{FFC5E108-8956-4A8D-AC89-8710569AC85C}.Debug|x86.Build.0 = Debug|Win32
		{FFC5E108-8956-4A8D-AC89-8710569AC85C}.Release|x64.ActiveCfg = Release|x64
		{FFC5E108-8956-4A8D-AC89-8710569AC85C}.Release|x64.Build.0 = Release|x64
		{FFC5E108-8956-4A8D-AC89-8710569AC85C}.Release|x86.ActiveCfg = Release|Win32
		{FFC5E108-8956-4A8D-AC89-8710569AC85C}.Release|x86.Build.0 = Release|Win32
		{D002CE87-C74D-414B-ABFC-B0D27F38BADE}.Debug|x64.ActiveCfg = Debug|x64
		{D002CE87-C74D-414B-ABFC-B0D27F38BADE}.Debug|x64.Build.0 = Debug|x64
		{D002CE87-C74D-414B-ABFC-B0D27F38BADE}.Debug|x86.ActiveCfg = Debug|Win32
		{D002CE87-C74D-414B-ABFC-B0D27F38BADE}.Debug|x86.Build.0 = Debug|Win32
		{D002CE87-C74D-414B-ABFC-B0D27F38BADE}.Release|x64.ActiveCfg = Release|x64
		{D002CE87-C74D-414B-ABFC-B0D27F38BADE}.Release|x64.Build.0 = Release|x64
		{D002CE87-C74D-414B-ABFC-B0D27F38BADE}.Release|x86.ActiveCfg = Release|Win32
		{D002CE87-C74D-414B-ABFC-B0D27F38BADE}.Release|x86.Build.0 = Release|Win32
		{BED476FA-981F-47B7-936E-CB330BC1558F}.Debug|x64.ActiveCfg = Debug|x64
		{BED476FA-981F-47B7-936E-CB330BC1558F}.Debug|x64.Build.0 = Debug|x64
		{BED476FA-981F-47B7-936E-CB330BC1558F}.Debug|x86.ActiveCfg = Debug|Win32
		{BED476FA-981F-47B7-936E-CB330BC1558F}.Debug|x86.Build.0 = Debug|Win32
		{BED476FA-981F-47B7-936E-CB330BC1558F}.Release|x64.ActiveCfg = Release|x64
		{BED476FA-981F-47B7-936E-CB330BC1558F}.Release|x64.Build.0 = Release|x64
		{BED476FA-981F-47B7-936E-CB330BC1558F}.Release|x86.ActiveCfg = Release|Win32
		{BED476FA-981F-47B7-936E-CB330BC1558F}.Release|x86.Build.0 = Release|Win32
		{B49A16FD-F857-4CD8-8B6B-DA274301F9F5}.Debug|x64.ActiveCfg = Debug|x64
		{B49A16FD-F857-4CD8-8B6B-DA274301F9F5}.Debug|x64.Build.0 = Debug|x64
		{B49A16FD-F857-4CD8-8B6B-DA274301F9F5}.Debug|x86.ActiveCfg = Debug|Win32
		{B49A16FD-F857-4CD8-8B6B-DA274301F9F5}.Debug|x86.Build.0 = Debug|Win32
		{B49A16FD-F857-4CD8-8B6B-DA274301F9F5}.Release|x64.ActiveCfg = Release|x64
		{B49A16FD-F857-4CD8-8B6B-DA274301F9F5}.Release|x64.Build.0 = Release|x64
		{B49A16FD-F857-4CD8-8B6B-DA274301F9F5}.Release|x86.ActiveCfg = Release|Win32
		{B49A16FD-F857-4CD8-8B6B-DA274301F9F5}.Release|x86.Build.0 = Release|Win32
		{55BCFFE4-8630-4813-9653-E6DD9607CA53}.Debug|x64.ActiveCfg = Debug|x64
		{55BCFFE4-8630-4813-9653-E6DD9607CA53}.Debug|x64.Build.0 = Debug|x64
		{55BCFFE4-8630-4813-9653-E6DD9607CA53}.Debug|x86.ActiveCfg = Debug|Win32
		{55BCFFE4-8630-4813-9653-E6DD9607CA53}.Debug|x86.Build.0 = Debug|Win32
		{55BCFFE4-8630-4813-9653-E6DD9607CA53}.Release|x64.ActiveCfg = Release|x64
		{55BCFFE4-8630-4813-9653-E6DD9607CA53}.Release|x64.Build.0 = Release|x64
		{55BCFFE4-8630-4813-9653-E6DD9607CA53}.Release|x86.ActiveCfg = Release|Win32
		{55BCFFE4-8630-4813-9653-E6DD9607CA53}.Release|x86.Build.0 = Release|Win32
		{7DE9AE28-6C8E-4EC8-AF0C-20B6A47712E8}.Debug|x64.ActiveCfg = Debug|x64
		{7DE9AE28-6C8E-4EC8-AF0C-20B6A47712E8}.Debug|x64.Build.0 = Debug|x64
		{7DE9AE28-6C8E-4EC8-AF0C-20B6A47712E8}.Debug|x86.ActiveCfg = Debug|Win32
		{7DE9AE28-6C8E-4EC8-AF0C-20B6A47712E8}.Debug|x86.Build.0 = Debug|Win32
		{7DE9AE28-6C8E-4EC8-AF0C-20B6A47712E8}.Release|x64.ActiveCfg = Release|x64
		{7DE9AE28-6C8E-4EC8-AF0C-20B6A47712E8}.Release|x64.Build.0 = Release|x64
		{7DE9AE28-6C8E-4EC8-AF0C-20B6A47712E8}.Release|x86.ActiveCfg = Release|Win32
		{7DE9AE28-6C8E-4EC8-AF0C-20B6A47712E8}.Release|x86.Build.0 = Release|Win32
		{A4BC3F56-E874-42BC-8BCB-EBD82C12404A}.Debug|x64.ActiveCfg = Debug|x64
		{A4BC3F56-E874-42BC-8BCB-EBD82C12404A}.Debug|x64.Build.0 = Debug|x64
		{A4BC3F56-E874-42BC-8BCB-EBD82C12404A}.Debug|x86.ActiveCfg = Debug|Win32
		{A4BC3F56-E874-42BC-8BCB-EBD82C12404A}.Debug|x86.Build.0 = Debug|Win32
		{A4BC3F56-E874-42BC-8BCB-EBD82C12404A}.Release|x64.ActiveCfg = Release|x64
		{A4BC3F56-E874-42BC-8BCB-EBD82C12404A}.Release|x64.Build.0 = Release|x64
		{A4BC3F56-E874-42BC-8BCB-EBD82C12404A}.Release|x86.ActiveCfg = Release|Win32
		{A4BC3F56-E874-42BC-8BCB-EBD82C12404A}.Release|x86.Build.0 = Release|Win32
		{F0FC356B-9EA3-45EF-850E-C0552FC87844}.Debug|x64.ActiveCfg = Debug|x64
		{F0FC356B-9EA3-45EF-850E-C0552FC87844}.Debug|x64.Build.0 = Debug|x64
		{F0FC356B-9EA3-45EF-850E-C0552FC87844}.Debug|x86.ActiveCfg = Debug|Win32
		{F0FC356B-9EA3-45EF-850E-C0552FC87844}.Debug|x86.Build.0 = Debug|Win32
		{F0FC356B-9EA3-45EF-850E-C0552FC87844}.Release|x64.ActiveCfg = Release|x64
		{F0FC356B-9EA3-45EF-850E-C0552FC87844}.Release|x64.Build.0 = Release|x64
		{F0FC356B-9EA3-45EF-850E-C0552FC87844}.Release|x86.ActiveCfg = Release|Win32
		{F0FC356B-9EA3-45EF-850E-C0552FC87844}.Release|x86.Build.0 = Release|Win32
		{E62ED314-694B-4BC8-B97F-90CBCB804073}.Debug|x64.ActiveCfg = Debug|x64
		{E62ED314-694B-4BC8-B97F-90CBCB804073}.Debug|x64.Build.0 = Debug|x64
		{E62ED314-694B-4BC8-B97F-90CBCB804073}.Debug|x86.ActiveCfg = Debug|Win32
		{E62ED314-694B-4BC8-B97F-90CBCB804073}.Debug|x86.Build.0 = Debug|Win32
		{E62ED314-694B-4BC8-B97F-90CBCB804073}.Release|x64.ActiveCfg = Release|x64
		{E62ED314-694B-4BC8-B97F-90CBCB804073}.Release|x64.Build.0 = Release|x64
		{E62ED314-694B-4BC8-B97F-90CBCB804073}.Release|x86.ActiveCfg = Release|Win32
		{E62ED314-694B-4BC8-B97F-90CBCB804073}.Release|x86.Build.0 = Release|Win32
		{318670AC-230A-4BC6-9EF5-1FCE69582E36}.Debug|x64.ActiveCfg = Debug|x64
		{318670AC-230A-4BC6-9EF5-1FCE69582E36}.Debug|x64.Build.0 = Debug|x64
		{318670AC-230A-4BC6-9EF5-1FCE69582E36}.Debug|x86.ActiveCfg = Debug|Win32
		{318670AC-230A-4BC6-9EF5-1FCE69582E36}.Debug|x86.Build.0 = Debug|Win32
		{318670AC-230A-4BC6-9EF5-1FCE69582E36}.Release|x64.ActiveCfg = Release|x64
		{318670AC-230A-4BC6-9EF5-1FCE69582E36}.Release|x64.Build.0 = Release|x64
		{318670AC-230A-4BC6-9EF5-1FCE69582E36}.Release|x86.ActiveCfg = Release|Win32
		{318670AC-230A-4BC6-9EF5-1FCE69582E36}.Release|x86.Build.0 = Release|Win32
		{686E1163-4FF2-40A3-B3F1-4CEB9C1F7B7B}.Debug|x64.ActiveCfg = Debug|x64
		{686E1163-4FF2-40A3-B3F1-4CEB9C1F7B7B}.Debug|x64.Build.0 = Debug|x64
		{686E1163-4FF2-40A3-B3F1-4CEB9C1F7B7B}.Debug|x86.ActiveCfg = Debug|Win32
		{686E1163-4FF2-40A3-B3F1-4CEB9C1F7B7B}.Debug|x86.Build.0 = Debug|Win32
		{686E1163-4FF2-40A3-B3F1-4CEB9C1F7B7B}.Release|x64.ActiveCfg = Release|x64
		{686E1163-4FF2-40A3-B3F1-4CEB9C1F7B7B}.Release|x64.Build.0 = Release|x64
		{686E1163-4FF2-40A3-B3F1-4CEB9C1F7B7B}.Release|x86.ActiveCfg = Release|Win32
		{686E1163-4FF2-40A3-B3F1-4CEB9C1F7B7B}.Release|x86.Build.0 = Release|Win32
		{07D6A30D-9CF5-45AA-8A3C-15C6B381DF58}.Debug|x64.ActiveCfg = Debug|x64
		{07D6A30D-9CF5-45AA-8A3C-15C6B381DF58}.Debug|x64.Build.0 = Debug|x64
		{07D6A30D-9CF5-45AA-8A3C-15C6B381DF58}.Debug|x86.ActiveCfg = Debug|Win32
		{07D6A30D-9CF5-45AA-8A3C-15C6B381DF58}.Debug|x86.Build.0 = Debug|Win32
		{07D6A30D-9CF5-45AA-8A3C-15C6B381DF58}.Release|x64.ActiveCfg = Release|x64
		{07D6A30D-9CF5-45AA-8A3C-15C6B381DF58}.Release|x64.Build.0 = Release|x64
		{07D6A30D-9CF5-45AA-8A3C-15C6B381DF58}.Release|x86.ActiveCfg = Release|Win32
		{07D6A30D-9CF5-45AA-8A3C-15C6B381DF58}.Release|x86.Build.0 = Release|Win32
		{769102A6-C913-473A-9134-1ED5D76CCF8C}.Debug|x64.ActiveCfg = Debug|x64
		{769102A6-C913-473A-9134-1ED5D76CCF8C}.Debug|x64.Build.0 = Debug|x64
		{769102A6-C913-473A-9134-1ED5D76CCF8C}.Debug|x86.ActiveCfg = Debug|Win32
		{769102A6-C913-473A-9134-1ED5D76CCF8C}.Debug|x86.Build.0 = Debug|Win32
		{769102A6-C913-473A-9134-1ED5D76CCF8C}.Release|x64.ActiveCfg = Release|x64
		{769102A6-C913-473A-9134-1ED5D76CCF8C}.Release|x64.Build.0 = Release|x64
		{769102A6-C913-473A-9134-1ED5D76CCF8C}.Release|x86.ActiveCfg = Release|Win32
		{769102A6-C913-473A-9134-1ED5D76CCF8C}.Release|x86.Build.0 = Release|Win32
		{D2735007-A3BD-41C8-ADBA-B5E57F5CFABF}.Debug|x64.ActiveCfg = Debug|x64
		{D2735007-A3BD-41C8-ADBA-B5E57F5CFABF}.Debug|x64.Build.0 = Debug|x64
		{D2735007-A3BD-41C8-ADBA-B5E57F5CFABF}.Debug|x86.ActiveCfg = Debug|Win32
		{D2735007-A3BD-41C8-ADBA-B5E57F5CFABF}.Debug|x86.Build.0 = Debug|Win32
		{D2735007-A3BD-41C8-ADBA-B5E57F5CFABF}.Release|x64.ActiveCfg = Release|x64
		{D2735007-A3BD-41C8-ADBA-B5E57F5CFABF}.Release|x64.Build.0 = Release|x64
		{D2735007-A3BD-41C8-ADBA-B5E57F5CFABF}.Release|x86.ActiveCfg = Release|Win32
		{D2735007-A3BD-41C8-ADBA-B5E57F5CFABF}.Release|x86.Build.0 = Release|Win32
		{50285662-BF0A-4936-B10A-0AA615FCE71E}.Debug|x64.ActiveCfg = Debug|x64
		{50285662-BF0A-4936-B10A-0AA615FCE71E}.Debug|x64.Build.0 = Debug|x64
		{50285662-BF0A-4936-B10A-0AA615FCE71E}.Debug|x86.ActiveCfg = Debug|Win32
		{50285662-BF0A-4936-B10A-0AA615FCE71E}.Debug|x86.Build.0 = Debug|Win32
		{50285662-BF0A-4936-B10A-0AA615FCE71E}.Release|x64.ActiveCfg = Release|x64
		{50285662-BF0A-4936-B10A-0AA615FCE71E}.Release|x64.Build.0 = Release|x64
		{50285662-BF0A-4936-B10A-0AA615FCE71E}.Release|x86.ActiveCfg = Release|Win32
		{50285662-BF0A-4936-B10A-0AA615FCE71E}.Release|x86.Build.0 = Release|Win32
		{CECBCFF0-29CE-4D8B-9046-ED5FEBED1255}.Debug|x64.ActiveCfg = Debug|x64
		{CECBCFF0-29CE-4D8B-9046-ED5FEBED1255}.Debug|x64.Build.0 = Debug|x64
		{CECBCFF0-29CE-4D8B-9046-ED5FEBED1255}.Debug|x86.ActiveCfg = Debug|Win32
		{CECBCFF0-29CE-4D8B-9046-ED5FEBED1255}.Debug|x86.Build.0 = Debug|Win32
		{CECBCFF0-29CE-4D8B-9046-ED5FEBED1255}.Release|x64.ActiveCfg = Release|x64
		{CECBCFF0-29CE-4D8B-9046-ED5FEBED1255}.Release|x64.Build.0 = Release|x64
		{CECBCFF0-29CE-4D8B-9046-ED5FEBED1255}.Release|x86.ActiveCfg = Release|Win32
		{CECBCFF0-29CE-4D8B-9046-ED5FEBED1255}.Release|x86.Build.0 = Release|Win32
		{001A724C-2700-40CF-BA6C-C97AB8407134}.Debug|x64.ActiveCfg = Debug|x64
		{001A724C-2700-40CF-BA6C-C97AB8407134}.Debug|x64.Build.0 = Debug|x64
		{001A724C-2700-40CF-BA6C-C97AB8407134}.Debug|x86.ActiveCfg = Debug|Win32
		{001A724C-2700-40CF-BA6C-C97AB8407134}.Debug|x86.Build.0 = Debug|Win32
		{001A724C-2700-40CF-BA6C-C97AB8407134}.Release|x64.ActiveCfg = Release|x64
		{001A724C-2700-40CF-BA6C-C97AB8407134}.Release|x64.Build.0 = Release|x64
		{001A724C-2700-40CF-BA6C-C97AB8407134}.Release|x86.ActiveCfg = Release|Win32
		{001A724C-2700-40CF-BA6C-C97AB8407134}.Release|x86.Build.0 = Release|Win32
		{8C27480C-E671-46AE-899A-256BDDAFFD29}.Debug|x64.ActiveCfg = Debug|x64
		{8C27480C-E671-46AE-899A-256BDDAFFD29}.Debug|x64.Build.0 = Debug|x64
		{8C27480C-E671-46AE-899A-256BDDAFFD29}.Debug|x86.ActiveCfg = Debug|Win32
		{8C27480C-E671-46AE-899A-256BDDAFFD29}.Debug|x86.Build.0 = Debug|Win32
		{8C27480C-E671-46AE-899A-256BDDAFFD29}.Release|x64.ActiveCfg = Release|x64
		{8C27480C-E671-46AE-899A-256BDDAFFD29}.Release|x64.Build.0 = Release|x64
		{8C27480C-E671-46AE-899A-256BDDAFFD29}.Release|x86.ActiveCfg = Release|Win32
		{8C27480C-E671-46AE-899A-256BDDAFFD29}.Release|x86.Build.0 = Release|Win32
		{04D392CE-4282-4462-951A-80B0B4B4A1ED}.Debug|x64.ActiveCfg = Debug|x64
		{04D392CE-4282-4462-951A-80B0B4B4A1ED}.Debug|x64.Build.0 = Debug|x64
		{04D392CE-4282-4462-951A-80B0B4B4A1ED}.Debug|x86.ActiveCfg = Debug|Win32
		{04D392CE-4282-4462-951A-80B0B4B4A1ED}.Debug|x86.Build.0 = Debug|Win32
		{04D392CE-4282-4462-951A-80B0B4B4A1ED}.Release|x64.ActiveCfg = Release|x64
		{04D392CE-4282-4462-951A-80B0B4B4A1ED}.Release|x64.Build.0 = Release|x64
		{04D392CE-4282-4462-951A-80B0B4B4A1ED}.Release|x86.ActiveCfg = Release|Win32
		{04D392CE-4282-4462-951A-80B0B4B4A1ED}.Release|x86.Build.0 = Release|Win32
		{6990AABC-5A4E-4677-87F1-47DC8DE28F47}.Debug|x64.ActiveCfg = Debug|x64
		{6990AABC-5A4E-4677-87F1-47DC8DE28F47}.Debug|x64.Build.0 = Debug|x64
		{6990AABC-5A4E-4677-87F1-47DC8DE28F47}.Debug|x86.ActiveCfg = Debug|Win32
		{6990AABC-5A4E-4677-87F1-47DC8DE28F47}.Debug|x86.Build.0 = Debug|Win32
		{6990AABC-5A4E-4677-87F1-47DC8DE28F47}.Release|x64.ActiveCfg = Release|x64
		{6990AABC-5A4E-4677-87F1-47DC8DE28F47}.Release|x64.Build.0 = Release|x64
		{6990AABC-5A4E-4677-87F1-47DC8DE28F47}.Release|x86.ActiveCfg = Release|Win32
		{6990AABC-5A4E-4677-87F1-47DC8DE28F47}.Release|x86.Build.0 = Release|Win32
	EndGlobalSection
	GlobalSection(SolutionProperties) = preSolution
		HideSolutionNode = FALSE
	EndGlobalSection
	GlobalSection(NestedProjects) = preSolution
		{F33F93C1-0A6A-4BA5-873C-E6DFF654E4DF} = {807A9DCC-18EA-4F0B-80E6-0671CCDF0545}
		{6339F00E-623C-44D2-8B34-DFDDA6D14500} = {20E53F3A-5BD5-4A35-B73C-B2EF20B4C9E1}
		{6003FBE0-A32E-4F25-864D-3291F66B62D0} = {20E53F3A-5BD5-4A35-B73C-B2EF20B4C9E1}
		{79BF29FB-EA5A-48E9-A193-988FD25FF5F1} = {20E53F3A-5BD5-4A35-B73C-B2EF20B4C9E1}
		{D8173E76-9C0A-41EC-95ED-06C672376160} = {20E53F3A-5BD5-4A35-B73C-B2EF20B4C9E1}
		{CF16511B-04AB-4C7D-B11F-7119201A870C} = {20E53F3A-5BD5-4A35-B73C-B2EF20B4C9E1}
		{7FDBB0EB-8ECF-41CA-A916-392F35739913} = {20E53F3A-5BD5-4A35-B73C-B2EF20B4C9E1}
		{68920E58-049E-4B8E-98BB-1FD9ECE7B2A0} = {DE9E810D-A9EA-4290-8026-32D3445C221B}
		{06EA50C2-295C-44CE-AECC-0B0B7D265F9A} = {DE9E810D-A9EA-4290-8026-32D3445C221B}
		{1CB731E9-9184-4E41-8252-94AAE613D906} = {DE9E810D-A9EA-4290-8026-32D3445C221B}
		{9D0C6C27-62C0-4DF7-9C0D-0F2BDA12BA6F} = {EE78A81F-1C5F-447F-BCE6-3B934AF479A4}
		{B0C96CA7-2A38-49D8-9932-249CB645C317} = {EE78A81F-1C5F-447F-BCE6-3B934AF479A4}
		{6EE14693-C35F-45B7-8562-4E4DC0B61A01} = {EE78A81F-1C5F-447F-BCE6-3B934AF479A4}
		{61234EF6-580D-4B7C-A2D0-33D14795B18A} = {EE78A81F-1C5F-447F-BCE6-3B934AF479A4}
		{B0C5133C-5781-449B-BD6A-8F71126CBFF8} = {EE78A81F-1C5F-447F-BCE6-3B934AF479A4}
		{4DCA1259-2EE9-4B99-B67B-47ED11D0DAF5} = {696B2B22-96E5-4951-B22D-288884EC0157}
		{67D006BF-DD40-4627-88AB-3491AFEAB292} = {696B2B22-96E5-4951-B22D-288884EC0157}
		{0D061F10-4E0A-477A-B1EB-25372C824F16} = {696B2B22-96E5-4951-B22D-288884EC0157}
		{F6A1A179-8C6F-4B16-91EA-C0A669CFDA7F} = {696B2B22-96E5-4951-B22D-288884EC0157}
		{FFC5E108-8956-4A8D-AC89-8710569AC85C} = {696B2B22-96E5-4951-B22D-288884EC0157}
		{D002CE87-C74D-414B-ABFC-B0D27F38BADE} = {696B2B22-96E5-4951-B22D-288884EC0157}
		{BED476FA-981F-47B7-936E-CB330BC1558F} = {696B2B22-96E5-4951-B22D-288884EC0157}
		{B49A16FD-F857-4CD8-8B6B-DA274301F9F5} = {F98CE35E-E526-4806-9901-F075BCEAEBFF}
		{55BCFFE4-8630-4813-9653-E6DD9607CA53} = {F98CE35E-E526-4806-9901-F075BCEAEBFF}
		{7DE9AE28-6C8E-4EC8-AF0C-20B6A47712E8} = {DEE5AEC4-A876-44EF-8961-83D391512DB8}
		{A4BC3F56-E874-42BC-8BCB-EBD82C12404A} = {DEE5AEC4-A876-44EF-8961-83D391512DB8}
		{F0FC356B-9EA3-45EF-850E-C0552FC87844} = {DEE5AEC4-A876-44EF-8961-83D391512DB8}
		{E62ED314-694B-4BC8-B97F-90CBCB804073} = {DEE5AEC4-A876-44EF-8961-83D391512DB8}
		{318670AC-230A-4BC6-9EF5-1FCE69582E36} = {DEE5AEC4-A876-44EF-8961-83D391512DB8}
		{686E1163-4FF2-40A3-B3F1-4CEB9C1F7B7B} = {1762F185-6963-4B2C-B8A4-84EB1D7B4E89}
		{07D6A30D-9CF5-45AA-8A3C-15C6B381DF58} = {1762F185-6963-4B2C-B8A4-84EB1D7B4E89}
		{769102A6-C913-473A-9134-1ED5D76CCF8C} = {1762F185-6963-4B2C-B8A4-84EB1D7B4E89}
		{D2735007-A3BD-41C8-ADBA-B5E57F5CFABF} = {5E414A49-65F3-4CE3-B52F-24BD7CA20714}
		{50285662-BF0A-4936-B10A-0AA615FCE71E} = {5E414A49-65F3-4CE3-B52F-24BD7CA20714}
		{CECBCFF0-29CE-4D8B-9046-ED5FEBED1255} = {5E414A49-65F3-4CE3-B52F-24BD7CA20714}
		{001A724C-2700-40CF-BA6C-C97AB8407134} = {5E414A49-65F3-4CE3-B52F-24BD7CA20714}
		{8C27480C-E671-46AE-899A-256BDDAFFD29} = {2251E9F7-E320-468D-898A-DE8A026DC1B0}
		{04D392CE-4282-4462-951A-80B0B4B4A1ED} = {2251E9F7-E320-468D-898A-DE8A026DC1B0}
		{6990AABC-5A4E-4677-87F1-47DC8DE28F47} = {2251E9F7-E320-468D-898A-DE8A026DC1B0}
	EndGlobalSection
	GlobalSection(ExtensibilityGlobals) = postSolution
		SolutionGuid = {E8E693C8-903E-4B68-BDF2-95DA3341229B}
	EndGlobalSection
EndGlobal
